
Microsoft Visual Studio Solution File, Format Version 12.00
# Visual Studio Version 17
VisualStudioVersion = 17.1.32210.238
MinimumVisualStudioVersion = 10.0.40219.1
Project("{9A19103F-16F7-4668-BE54-9A1E7A4F7556}") = "classe", "classe\classe.csproj", "{77E4935B-41C1-4597-8CC6-8D3DBA288A10}"
EndProject
Project("{FAE04EC0-301F-11D3-BF4B-00C04F79EFBC}") = "Intance", "Intance\Intance.csproj", "{49AB662F-1ABA-4B46-A01D-BF94484381C9}"
EndProject
Project("{FAE04EC0-301F-11D3-BF4B-00C04F79EFBC}") = "constructor", "constructor\constructor.csproj", "{F3AA5AEE-5710-4BC8-ADAD-855E6BD508DD}"
EndProject
Project("{FAE04EC0-301F-11D3-BF4B-00C04F79EFBC}") = "separation", "separation\separation.csproj", "{06FD5EDF-0155-494B-B560-73E5EEB79B59}"
EndProject
Global
	GlobalSection(SolutionConfigurationPlatforms) = preSolution
		Debug|Any CPU = Debug|Any CPU
		Release|Any CPU = Release|Any CPU
	EndGlobalSection
	GlobalSection(ProjectConfigurationPlatforms) = postSolution
		{77E4935B-41C1-4597-8CC6-8D3DBA288A10}.Debug|Any CPU.ActiveCfg = Debug|Any CPU
		{77E4935B-41C1-4597-8CC6-8D3DBA288A10}.Debug|Any CPU.Build.0 = Debug|Any CPU
		{77E4935B-41C1-4597-8CC6-8D3DBA288A10}.Release|Any CPU.ActiveCfg = Release|Any CPU
		{77E4935B-41C1-4597-8CC6-8D3DBA288A10}.Release|Any CPU.Build.0 = Release|Any CPU
		{49AB662F-1ABA-4B46-A01D-BF94484381C9}.Debug|Any CPU.ActiveCfg = Debug|Any CPU
		{49AB662F-1ABA-4B46-A01D-BF94484381C9}.Debug|Any CPU.Build.0 = Debug|Any CPU
		{49AB662F-1ABA-4B46-A01D-BF94484381C9}.Release|Any CPU.ActiveCfg = Release|Any CPU
		{49AB662F-1ABA-4B46-A01D-BF94484381C9}.Release|Any CPU.Build.0 = Release|Any CPU
		{F3AA5AEE-5710-4BC8-ADAD-855E6BD508DD}.Debug|Any CPU.ActiveCfg = Debug|Any CPU
		{F3AA5AEE-5710-4BC8-ADAD-855E6BD508DD}.Debug|Any CPU.Build.0 = Debug|Any CPU
		{F3AA5AEE-5710-4BC8-ADAD-855E6BD508DD}.Release|Any CPU.ActiveCfg = Release|Any CPU
		{F3AA5AEE-5710-4BC8-ADAD-855E6BD508DD}.Release|Any CPU.Build.0 = Release|Any CPU
		{06FD5EDF-0155-494B-B560-73E5EEB79B59}.Debug|Any CPU.ActiveCfg = Debug|Any CPU
		{06FD5EDF-0155-494B-B560-73E5EEB79B59}.Debug|Any CPU.Build.0 = Debug|Any CPU
		{06FD5EDF-0155-494B-B560-73E5EEB79B59}.Release|Any CPU.ActiveCfg = Release|Any CPU
		{06FD5EDF-0155-494B-B560-73E5EEB79B59}.Release|Any CPU.Build.0 = Release|Any CPU
	EndGlobalSection
	GlobalSection(SolutionProperties) = preSolution
		HideSolutionNode = FALSE
	EndGlobalSection
	GlobalSection(ExtensibilityGlobals) = postSolution
		SolutionGuid = {328C046D-3ADA-4F11-85C7-7A912BEF5E77}
	EndGlobalSection
EndGlobal
