
Microsoft Visual Studio Solution File, Format Version 12.00
# Visual Studio Version 16
VisualStudioVersion = 25.0.1700.0
MinimumVisualStudioVersion = 10.0.40219.1
Project("{FAE04EC0-301F-11D3-BF4B-00C04F79EFBC}") = "Module_date", "Module_date\Module_date.csproj", "{3E1D6464-6897-444D-A321-3D206F882B1E}"
EndProject
Global
	GlobalSection(SolutionConfigurationPlatforms) = preSolution
		Debug|Any CPU = Debug|Any CPU
		Release|Any CPU = Release|Any CPU
	EndGlobalSection
	GlobalSection(ProjectConfigurationPlatforms) = postSolution
		{3E1D6464-6897-444D-A321-3D206F882B1E}.Debug|Any CPU.ActiveCfg = Debug|Any CPU
		{3E1D6464-6897-444D-A321-3D206F882B1E}.Debug|Any CPU.Build.0 = Debug|Any CPU
		{3E1D6464-6897-444D-A321-3D206F882B1E}.Release|Any CPU.ActiveCfg = Release|Any CPU
		{3E1D6464-6897-444D-A321-3D206F882B1E}.Release|Any CPU.Build.0 = Release|Any CPU
	EndGlobalSection
	GlobalSection(SolutionProperties) = preSolution
		HideSolutionNode = FALSE
	EndGlobalSection
	GlobalSection(ExtensibilityGlobals) = postSolution
		SolutionGuid = {8569709C-BDC3-4F17-89C6-06E178EB94D4}
	EndGlobalSection
EndGlobal
